
Microsoft Visual Studio Solution File, Format Version 12.00
# Visual Studio Version 16
VisualStudioVersion = 16.0.31424.327
MinimumVisualStudioVersion = 10.0.40219.1
Project("{888888A0-9F3D-457C-B088-3A5042F75D52}") = "fo4-marathon", "fo4-marathon\fo4-marathon.pyproj", "{8B19545F-5620-4255-9004-B797693CF49E}"
EndProject
Global
	GlobalSection(SolutionConfigurationPlatforms) = preSolution
		Debug|Any CPU = Debug|Any CPU
		Release|Any CPU = Release|Any CPU
	EndGlobalSection
	GlobalSection(ProjectConfigurationPlatforms) = postSolution
		{8B19545F-5620-4255-9004-B797693CF49E}.Debug|Any CPU.ActiveCfg = Debug|Any CPU
		{8B19545F-5620-4255-9004-B797693CF49E}.Release|Any CPU.ActiveCfg = Release|Any CPU
	EndGlobalSection
	GlobalSection(SolutionProperties) = preSolution
		HideSolutionNode = FALSE
	EndGlobalSection
	GlobalSection(ExtensibilityGlobals) = postSolution
		SolutionGuid = {518F6336-E51A-4464-9B44-0329AA3FADB5}
	EndGlobalSection
EndGlobal
